
Microsoft Visual Studio Solution File, Format Version 12.00
# Visual Studio 15
VisualStudioVersion = 15.0.28307.106
MinimumVisualStudioVersion = 10.0.40219.1
Project("{FAE04EC0-301F-11D3-BF4B-00C04F79EFBC}") = "Web", "Web\Web.csproj", "{EF81E4FA-B5AE-484B-8652-DA7E15F1CF8F}"
EndProject
Global
	GlobalSection(SolutionConfigurationPlatforms) = preSolution
		Debug|Any CPU = Debug|Any CPU
		Release|Any CPU = Release|Any CPU
	EndGlobalSection
	GlobalSection(ProjectConfigurationPlatforms) = postSolution
		{EF81E4FA-B5AE-484B-8652-DA7E15F1CF8F}.Debug|Any CPU.ActiveCfg = Debug|Any CPU
		{EF81E4FA-B5AE-484B-8652-DA7E15F1CF8F}.Debug|Any CPU.Build.0 = Debug|Any CPU
		{EF81E4FA-B5AE-484B-8652-DA7E15F1CF8F}.Release|Any CPU.ActiveCfg = Release|Any CPU
		{EF81E4FA-B5AE-484B-8652-DA7E15F1CF8F}.Release|Any CPU.Build.0 = Release|Any CPU
	EndGlobalSection
	GlobalSection(SolutionProperties) = preSolution
		HideSolutionNode = FALSE
	EndGlobalSection
	GlobalSection(ExtensibilityGlobals) = postSolution
		SolutionGuid = {101BF2B1-928E-440B-8191-BA5C33A09A7C}
	EndGlobalSection
EndGlobal
